{
  "name": "Data-Norm-2",
  "lockfileVersion": 3,
  "requires": true,
  "packages": {
    "": {
      "dependencies": {
        "@azure/msal-browser": "^4.26.1",
        "@azure/msal-react": "^3.0.21"
      }
    },
    "node_modules/@azure/msal-browser": {
      "version": "4.26.1",
      "resolved": "https://registry.npmjs.org/@azure/msal-browser/-/msal-browser-4.26.1.tgz",
      "integrity": "sha512-GGCIsZXxyNm5QcQZ4maA9q+9UWmM+/87G+ybvPkrE32el1URSa9WYt0t67ks3/P0gspZX9RoEqyLqJ/X/JDnBQ==",
      "dependencies": {
        "@azure/msal-common": "15.13.1"
      },
      "engines": {
        "node": ">=0.8.0"
      }
    },
    "node_modules/@azure/msal-common": {
      "version": "15.13.1",
      "resolved": "https://registry.npmjs.org/@azure/msal-common/-/msal-common-15.13.1.tgz",
      "integrity": "sha512-vQYQcG4J43UWgo1lj7LcmdsGUKWYo28RfEvDQAEMmQIMjSFufvb+pS0FJ3KXmrPmnWlt1vHDl3oip6mIDUQ4uA==",
      "engines": {
        "node": ">=0.8.0"
      }
    },
    "node_modules/@azure/msal-react": {
      "version": "3.0.21",
      "resolved": "https://registry.npmjs.org/@azure/msal-react/-/msal-react-3.0.21.tgz",
      "integrity": "sha512-V2YUyEgLM2GLXN1mDYVEk/GA4cZEfjmS0xEGx29AGy6paEgZN62pZiYoBr8mVOExft6uT/ZonpOREvFiy8quZQ==",
      "engines": {
        "node": ">=10"
      },
      "peerDependencies": {
        "@azure/msal-browser": "^4.26.0",
        "react": "^16.8.0 || ^17 || ^18 || ^19"
      }
    },
    "node_modules/react": {
      "version": "19.2.0",
      "resolved": "https://registry.npmjs.org/react/-/react-19.2.0.tgz",
      "integrity": "sha512-tmbWg6W31tQLeB5cdIBOicJDJRR2KzXsV7uSK9iNfLWQ5bIZfxuPEHp7M8wiHyHnn0DD1i7w3Zmin0FtkrwoCQ==",
      "peer": true,
      "engines": {
        "node": ">=0.10.0"
      }
    }
  }
}
